
Microsoft Visual Studio Solution File, Format Version 12.00
# Visual Studio 15
VisualStudioVersion = 15.0.28307.572
MinimumVisualStudioVersion = 10.0.40219.1
Project("{FAE04EC0-301F-11D3-BF4B-00C04F79EFBC}") = "gRPCDemo", "gRPCDemo\gRPCDemo.csproj", "{C391BE7D-7209-4DD8-BC30-BE70A460EC08}"
EndProject
Project("{FAE04EC0-301F-11D3-BF4B-00C04F79EFBC}") = "gRPCServer", "gRPCServer\gRPCServer.csproj", "{5302EDBC-7DE0-431B-A77F-5254C9E50F95}"
EndProject
Project("{FAE04EC0-301F-11D3-BF4B-00C04F79EFBC}") = "gRPCClient", "gRPCClient\gRPCClient.csproj", "{2B0239A8-772F-486F-8AA6-113A561AF934}"
EndProject
Project("{FAE04EC0-301F-11D3-BF4B-00C04F79EFBC}") = "gRPCNETCoreClient", "gRPCNETCoreClient\gRPCNETCoreClient.csproj", "{699C5E03-BC9A-4386-8AB1-4B7672E5C934}"
EndProject
Project("{FAE04EC0-301F-11D3-BF4B-00C04F79EFBC}") = "gRPCNETCoreDemo", "gRPCNETCoreDemo\gRPCNETCoreDemo.csproj", "{39EEE27E-E1B5-4E91-BE63-78A0B05D1004}"
EndProject
Project("{FAE04EC0-301F-11D3-BF4B-00C04F79EFBC}") = "gRPCNETCoreServer", "gRPCNETCoreServer\gRPCNETCoreServer.csproj", "{2083602D-E14B-458A-8CE6-E614BB20860C}"
EndProject
Global
	GlobalSection(SolutionConfigurationPlatforms) = preSolution
		Debug|Any CPU = Debug|Any CPU
		Release|Any CPU = Release|Any CPU
	EndGlobalSection
	GlobalSection(ProjectConfigurationPlatforms) = postSolution
		{C391BE7D-7209-4DD8-BC30-BE70A460EC08}.Debug|Any CPU.ActiveCfg = Debug|Any CPU
		{C391BE7D-7209-4DD8-BC30-BE70A460EC08}.Debug|Any CPU.Build.0 = Debug|Any CPU
		{C391BE7D-7209-4DD8-BC30-BE70A460EC08}.Release|Any CPU.ActiveCfg = Release|Any CPU
		{C391BE7D-7209-4DD8-BC30-BE70A460EC08}.Release|Any CPU.Build.0 = Release|Any CPU
		{5302EDBC-7DE0-431B-A77F-5254C9E50F95}.Debug|Any CPU.ActiveCfg = Debug|Any CPU
		{5302EDBC-7DE0-431B-A77F-5254C9E50F95}.Debug|Any CPU.Build.0 = Debug|Any CPU
		{5302EDBC-7DE0-431B-A77F-5254C9E50F95}.Release|Any CPU.ActiveCfg = Release|Any CPU
		{5302EDBC-7DE0-431B-A77F-5254C9E50F95}.Release|Any CPU.Build.0 = Release|Any CPU
		{2B0239A8-772F-486F-8AA6-113A561AF934}.Debug|Any CPU.ActiveCfg = Debug|Any CPU
		{2B0239A8-772F-486F-8AA6-113A561AF934}.Debug|Any CPU.Build.0 = Debug|Any CPU
		{2B0239A8-772F-486F-8AA6-113A561AF934}.Release|Any CPU.ActiveCfg = Release|Any CPU
		{2B0239A8-772F-486F-8AA6-113A561AF934}.Release|Any CPU.Build.0 = Release|Any CPU
		{699C5E03-BC9A-4386-8AB1-4B7672E5C934}.Debug|Any CPU.ActiveCfg = Debug|Any CPU
		{699C5E03-BC9A-4386-8AB1-4B7672E5C934}.Debug|Any CPU.Build.0 = Debug|Any CPU
		{699C5E03-BC9A-4386-8AB1-4B7672E5C934}.Release|Any CPU.ActiveCfg = Release|Any CPU
		{699C5E03-BC9A-4386-8AB1-4B7672E5C934}.Release|Any CPU.Build.0 = Release|Any CPU
		{39EEE27E-E1B5-4E91-BE63-78A0B05D1004}.Debug|Any CPU.ActiveCfg = Debug|Any CPU
		{39EEE27E-E1B5-4E91-BE63-78A0B05D1004}.Debug|Any CPU.Build.0 = Debug|Any CPU
		{39EEE27E-E1B5-4E91-BE63-78A0B05D1004}.Release|Any CPU.ActiveCfg = Release|Any CPU
		{39EEE27E-E1B5-4E91-BE63-78A0B05D1004}.Release|Any CPU.Build.0 = Release|Any CPU
		{2083602D-E14B-458A-8CE6-E614BB20860C}.Debug|Any CPU.ActiveCfg = Debug|Any CPU
		{2083602D-E14B-458A-8CE6-E614BB20860C}.Debug|Any CPU.Build.0 = Debug|Any CPU
		{2083602D-E14B-458A-8CE6-E614BB20860C}.Release|Any CPU.ActiveCfg = Release|Any CPU
		{2083602D-E14B-458A-8CE6-E614BB20860C}.Release|Any CPU.Build.0 = Release|Any CPU
	EndGlobalSection
	GlobalSection(SolutionProperties) = preSolution
		HideSolutionNode = FALSE
	EndGlobalSection
	GlobalSection(ExtensibilityGlobals) = postSolution
		SolutionGuid = {7769AE85-8181-455D-B1F9-78B517A7D187}
	EndGlobalSection
EndGlobal
